// !$*UTF8*$!
{
	archiveVersion = 1;
	classes = {
	};
	objectVersion = 50;
	objects = {

/* Begin PBXBuildFile section */
		BB71B01725539CA500CDC71D /* AppDelegate.swift in Sources */ = {isa = PBXBuildFile; fileRef = BB71B01625539CA500CDC71D /* AppDelegate.swift */; };
		BB71B01925539CA500CDC71D /* SceneDelegate.swift in Sources */ = {isa = PBXBuildFile; fileRef = BB71B01825539CA500CDC71D /* SceneDelegate.swift */; };
		BB71B01B25539CA500CDC71D /* ViewController.swift in Sources */ = {isa = PBXBuildFile; fileRef = BB71B01A25539CA500CDC71D /* ViewController.swift */; };
		BB71B01E25539CA500CDC71D /* Main.storyboard in Resources */ = {isa = PBXBuildFile; fileRef = BB71B01C25539CA500CDC71D /* Main.storyboard */; };
		BB71B02125539CA500CDC71D /* techTogether2020.xcdatamodeld in Sources */ = {isa = PBXBuildFile; fileRef = BB71B01F25539CA500CDC71D /* techTogether2020.xcdatamodeld */; };
		BB71B02325539CA600CDC71D /* Assets.xcassets in Resources */ = {isa = PBXBuildFile; fileRef = BB71B02225539CA600CDC71D /* Assets.xcassets */; };
		BB71B02625539CA600CDC71D /* LaunchScreen.storyboard in Resources */ = {isa = PBXBuildFile; fileRef = BB71B02425539CA600CDC71D /* LaunchScreen.storyboard */; };
		BB71B03125539CA700CDC71D /* techTogether2020Tests.swift in Sources */ = {isa = PBXBuildFile; fileRef = BB71B03025539CA700CDC71D /* techTogether2020Tests.swift */; };
		BB71B03C25539CA700CDC71D /* techTogether2020UITests.swift in Sources */ = {isa = PBXBuildFile; fileRef = BB71B03B25539CA700CDC71D /* techTogether2020UITests.swift */; };
		BB71B04A255607C200CDC71D /* secondViewController.swift in Sources */ = {isa = PBXBuildFile; fileRef = BB71B049255607C200CDC71D /* secondViewController.swift */; };
		BB71B04C255615D000CDC71D /* thirdViewController.swift in Sources */ = {isa = PBXBuildFile; fileRef = BB71B04B255615D000CDC71D /* thirdViewController.swift */; };
		BB71B04E255617E100CDC71D /* fourthViewController.swift in Sources */ = {isa = PBXBuildFile; fileRef = BB71B04D255617E100CDC71D /* fourthViewController.swift */; };
		BB71B05025562FE100CDC71D /* logWaterViewController.swift in Sources */ = {isa = PBXBuildFile; fileRef = BB71B04F25562FE100CDC71D /* logWaterViewController.swift */; };
/* End PBXBuildFile section */

/* Begin PBXContainerItemProxy section */
		BB71B02D25539CA700CDC71D /* PBXContainerItemProxy */ = {
			isa = PBXContainerItemProxy;
			containerPortal = BB71B00B25539CA500CDC71D /* Project object */;
			proxyType = 1;
			remoteGlobalIDString = BB71B01225539CA500CDC71D;
			remoteInfo = techTogether2020;
		};
		BB71B03825539CA700CDC71D /* PBXContainerItemProxy */ = {
			isa = PBXContainerItemProxy;
			containerPortal = BB71B00B25539CA500CDC71D /* Project object */;
			proxyType = 1;
			remoteGlobalIDString = BB71B01225539CA500CDC71D;
			remoteInfo = techTogether2020;
		};
/* End PBXContainerItemProxy section */

/* Begin PBXFileReference section */
		BB71B01325539CA500CDC71D /* techTogether2020.app */ = {isa = PBXFileReference; explicitFileType = wrapper.application; includeInIndex = 0; path = techTogether2020.app; sourceTree = BUILT_PRODUCTS_DIR; };
		BB71B01625539CA500CDC71D /* AppDelegate.swift */ = {isa = PBXFileReference; lastKnownFileType = sourcecode.swift; path = AppDelegate.swift; sourceTree = "<group>"; };
		BB71B01825539CA500CDC71D /* SceneDelegate.swift */ = {isa = PBXFileReference; lastKnownFileType = sourcecode.swift; path = SceneDelegate.swift; sourceTree = "<group>"; };
		BB71B01A25539CA500CDC71D /* ViewController.swift */ = {isa = PBXFileReference; lastKnownFileType = sourcecode.swift; path = ViewController.swift; sourceTree = "<group>"; };
		BB71B01D25539CA500CDC71D /* Base */ = {isa = PBXFileReference; lastKnownFileType = file.storyboard; name = Base; path = Base.lproj/Main.storyboard; sourceTree = "<group>"; };
		BB71B02025539CA500CDC71D /* techTogether2020.xcdatamodel */ = {isa = PBXFileReference; lastKnownFileType = wrapper.xcdatamodel; path = techTogether2020.xcdatamodel; sourceTree = "<group>"; };
		BB71B02225539CA600CDC71D /* Assets.xcassets */ = {isa = PBXFileReference; lastKnownFileType = folder.assetcatalog; path = Assets.xcassets; sourceTree = "<group>"; };
		BB71B02525539CA600CDC71D /* Base */ = {isa = PBXFileReference; lastKnownFileType = file.storyboard; name = Base; path = Base.lproj/LaunchScreen.storyboard; sourceTree = "<group>"; };
		BB71B02725539CA600CDC71D /* Info.plist */ = {isa = PBXFileReference; lastKnownFileType = text.plist.xml; path = Info.plist; sourceTree = "<group>"; };
		BB71B02C25539CA600CDC71D /* techTogether2020Tests.xctest */ = {isa = PBXFileReference; explicitFileType = wrapper.cfbundle; includeInIndex = 0; path = techTogether2020Tests.xctest; sourceTree = BUILT_PRODUCTS_DIR; };
		BB71B03025539CA700CDC71D /* techTogether2020Tests.swift */ = {isa = PBXFileReference; lastKnownFileType = sourcecode.swift; path = techTogether2020Tests.swift; sourceTree = "<group>"; };
		BB71B03225539CA700CDC71D /* Info.plist */ = {isa = PBXFileReference; lastKnownFileType = text.plist.xml; path = Info.plist; sourceTree = "<group>"; };
		BB71B03725539CA700CDC71D /* techTogether2020UITests.xctest */ = {isa = PBXFileReference; explicitFileType = wrapper.cfbundle; includeInIndex = 0; path = techTogether2020UITests.xctest; sourceTree = BUILT_PRODUCTS_DIR; };
		BB71B03B25539CA700CDC71D /* techTogether2020UITests.swift */ = {isa = PBXFileReference; lastKnownFileType = sourcecode.swift; path = techTogether2020UITests.swift; sourceTree = "<group>"; };
		BB71B03D25539CA700CDC71D /* Info.plist */ = {isa = PBXFileReference; lastKnownFileType = text.plist.xml; path = Info.plist; sourceTree = "<group>"; };
		BB71B049255607C200CDC71D /* secondViewController.swift */ = {isa = PBXFileReference; lastKnownFileType = sourcecode.swift; path = secondViewController.swift; sourceTree = "<group>"; };
		BB71B04B255615D000CDC71D /* thirdViewController.swift */ = {isa = PBXFileReference; lastKnownFileType = sourcecode.swift; path = thirdViewController.swift; sourceTree = "<group>"; };
		BB71B04D255617E100CDC71D /* fourthViewController.swift */ = {isa = PBXFileReference; lastKnownFileType = sourcecode.swift; path = fourthViewController.swift; sourceTree = "<group>"; };
		BB71B04F25562FE100CDC71D /* logWaterViewController.swift */ = {isa = PBXFileReference; lastKnownFileType = sourcecode.swift; path = logWaterViewController.swift; sourceTree = "<group>"; };
/* End PBXFileReference section */

/* Begin PBXFrameworksBuildPhase section */
		BB71B01025539CA500CDC71D /* Frameworks */ = {
			isa = PBXFrameworksBuildPhase;
			buildActionMask = 2147483647;
			files = (
			);
			runOnlyForDeploymentPostprocessing = 0;
		};
		BB71B02925539CA600CDC71D /* Frameworks */ = {
			isa = PBXFrameworksBuildPhase;
			buildActionMask = 2147483647;
			files = (
			);
			runOnlyForDeploymentPostprocessing = 0;
		};
		BB71B03425539CA700CDC71D /* Frameworks */ = {
			isa = PBXFrameworksBuildPhase;
			buildActionMask = 2147483647;
			files = (
			);
			runOnlyForDeploymentPostprocessing = 0;
		};
/* End PBXFrameworksBuildPhase section */

/* Begin PBXGroup section */
		BB71B00A25539CA500CDC71D = {
			isa = PBXGroup;
			children = (
				BB71B01525539CA500CDC71D /* techTogether2020 */,
				BB71B02F25539CA700CDC71D /* techTogether2020Tests */,
				BB71B03A25539CA700CDC71D /* techTogether2020UITests */,
				BB71B01425539CA500CDC71D /* Products */,
			);
			sourceTree = "<group>";
		};
		BB71B01425539CA500CDC71D /* Products */ = {
			isa = PBXGroup;
			children = (
				BB71B01325539CA500CDC71D /* techTogether2020.app */,
				BB71B02C25539CA600CDC71D /* techTogether2020Tests.xctest */,
				BB71B03725539CA700CDC71D /* techTogether2020UITests.xctest */,
			);
			name = Products;
			sourceTree = "<group>";
		};
		BB71B01525539CA500CDC71D /* techTogether2020 */ = {
			isa = PBXGroup;
			children = (
				BB71B01625539CA500CDC71D /* AppDelegate.swift */,
				BB71B01825539CA500CDC71D /* SceneDelegate.swift */,
				BB71B01A25539CA500CDC71D /* ViewController.swift */,
				BB71B04B255615D000CDC71D /* thirdViewController.swift */,
				BB71B01C25539CA500CDC71D /* Main.storyboard */,
				BB71B04F25562FE100CDC71D /* logWaterViewController.swift */,
				BB71B04D255617E100CDC71D /* fourthViewController.swift */,
				BB71B049255607C200CDC71D /* secondViewController.swift */,
				BB71B02225539CA600CDC71D /* Assets.xcassets */,
				BB71B02425539CA600CDC71D /* LaunchScreen.storyboard */,
				BB71B02725539CA600CDC71D /* Info.plist */,
				BB71B01F25539CA500CDC71D /* techTogether2020.xcdatamodeld */,
			);
			path = techTogether2020;
			sourceTree = "<group>";
		};
		BB71B02F25539CA700CDC71D /* techTogether2020Tests */ = {
			isa = PBXGroup;
			children = (
				BB71B03025539CA700CDC71D /* techTogether2020Tests.swift */,
				BB71B03225539CA700CDC71D /* Info.plist */,
			);
			path = techTogether2020Tests;
			sourceTree = "<group>";
		};
		BB71B03A25539CA700CDC71D /* techTogether2020UITests */ = {
			isa = PBXGroup;
			children = (
				BB71B03B25539CA700CDC71D /* techTogether2020UITests.swift */,
				BB71B03D25539CA700CDC71D /* Info.plist */,
			);
			path = techTogether2020UITests;
			sourceTree = "<group>";
		};
/* End PBXGroup section */

/* Begin PBXNativeTarget section */
		BB71B01225539CA500CDC71D /* techTogether2020 */ = {
			isa = PBXNativeTarget;
			buildConfigurationList = BB71B04025539CA700CDC71D /* Build configuration list for PBXNativeTarget "techTogether2020" */;
			buildPhases = (
				BB71B00F25539CA500CDC71D /* Sources */,
				BB71B01025539CA500CDC71D /* Frameworks */,
				BB71B01125539CA500CDC71D /* Resources */,
			);
			buildRules = (
			);
			dependencies = (
			);
			name = techTogether2020;
			productName = techTogether2020;
			productReference = BB71B01325539CA500CDC71D /* techTogether2020.app */;
			productType = "com.apple.product-type.application";
		};
		BB71B02B25539CA600CDC71D /* techTogether2020Tests */ = {
			isa = PBXNativeTarget;
			buildConfigurationList = BB71B04325539CA700CDC71D /* Build configuration list for PBXNativeTarget "techTogether2020Tests" */;
			buildPhases = (
				BB71B02825539CA600CDC71D /* Sources */,
				BB71B02925539CA600CDC71D /* Frameworks */,
				BB71B02A25539CA600CDC71D /* Resources */,
			);
			buildRules = (
			);
			dependencies = (
				BB71B02E25539CA700CDC71D /* PBXTargetDependency */,
			);
			name = techTogether2020Tests;
			productName = techTogether2020Tests;
			productReference = BB71B02C25539CA600CDC71D /* techTogether2020Tests.xctest */;
			productType = "com.apple.product-type.bundle.unit-test";
		};
		BB71B03625539CA700CDC71D /* techTogether2020UITests */ = {
			isa = PBXNativeTarget;
			buildConfigurationList = BB71B04625539CA700CDC71D /* Build configuration list for PBXNativeTarget "techTogether2020UITests" */;
			buildPhases = (
				BB71B03325539CA700CDC71D /* Sources */,
				BB71B03425539CA700CDC71D /* Frameworks */,
				BB71B03525539CA700CDC71D /* Resources */,
			);
			buildRules = (
			);
			dependencies = (
				BB71B03925539CA700CDC71D /* PBXTargetDependency */,
			);
			name = techTogether2020UITests;
			productName = techTogether2020UITests;
			productReference = BB71B03725539CA700CDC71D /* techTogether2020UITests.xctest */;
			productType = "com.apple.product-type.bundle.ui-testing";
		};
/* End PBXNativeTarget section */

/* Begin PBXProject section */
		BB71B00B25539CA500CDC71D /* Project object */ = {
			isa = PBXProject;
			attributes = {
				LastSwiftUpdateCheck = 1150;
				LastUpgradeCheck = 1150;
				ORGANIZATIONNAME = hackathon;
				TargetAttributes = {
					BB71B01225539CA500CDC71D = {
						CreatedOnToolsVersion = 11.5;
					};
					BB71B02B25539CA600CDC71D = {
						CreatedOnToolsVersion = 11.5;
						TestTargetID = BB71B01225539CA500CDC71D;
					};
					BB71B03625539CA700CDC71D = {
						CreatedOnToolsVersion = 11.5;
						TestTargetID = BB71B01225539CA500CDC71D;
					};
				};
			};
			buildConfigurationList = BB71B00E25539CA500CDC71D /* Build configuration list for PBXProject "techTogether2020" */;
			compatibilityVersion = "Xcode 9.3";
			developmentRegion = en;
			hasScannedForEncodings = 0;
			knownRegions = (
				en,
				Base,
			);
			mainGroup = BB71B00A25539CA500CDC71D;
			productRefGroup = BB71B01425539CA500CDC71D /* Products */;
			projectDirPath = "";
			projectRoot = "";
			targets = (
				BB71B01225539CA500CDC71D /* techTogether2020 */,
				BB71B02B25539CA600CDC71D /* techTogether2020Tests */,
				BB71B03625539CA700CDC71D /* techTogether2020UITests */,
			);
		};
/* End PBXProject section */

/* Begin PBXResourcesBuildPhase section */
		BB71B01125539CA500CDC71D /* Resources */ = {
			isa = PBXResourcesBuildPhase;
			buildActionMask = 2147483647;
			files = (
				BB71B02625539CA600CDC71D /* LaunchScreen.storyboard in Resources */,
				BB71B02325539CA600CDC71D /* Assets.xcassets in Resources */,
				BB71B01E25539CA500CDC71D /* Main.storyboard in Resources */,
			);
			runOnlyForDeploymentPostprocessing = 0;
		};
		BB71B02A25539CA600CDC71D /* Resources */ = {
			isa = PBXResourcesBuildPhase;
			buildActionMask = 2147483647;
			files = (
			);
			runOnlyForDeploymentPostprocessing = 0;
		};
		BB71B03525539CA700CDC71D /* Resources */ = {
			isa = PBXResourcesBuildPhase;
			buildActionMask = 2147483647;
			files = (
			);
			runOnlyForDeploymentPostprocessing = 0;
		};
/* End PBXResourcesBuildPhase section */

/* Begin PBXSourcesBuildPhase section */
		BB71B00F25539CA500CDC71D /* Sources */ = {
			isa = PBXSourcesBuildPhase;
			buildActionMask = 2147483647;
			files = (
				BB71B01B25539CA500CDC71D /* ViewController.swift in Sources */,
				BB71B01725539CA500CDC71D /* AppDelegate.swift in Sources */,
				BB71B04E255617E100CDC71D /* fourthViewController.swift in Sources */,
				BB71B05025562FE100CDC71D /* logWaterViewController.swift in Sources */,
				BB71B04C255615D000CDC71D /* thirdViewController.swift in Sources */,
				BB71B01925539CA500CDC71D /* SceneDelegate.swift in Sources */,
				BB71B04A255607C200CDC71D /* secondViewController.swift in Sources */,
				BB71B02125539CA500CDC71D /* techTogether2020.xcdatamodeld in Sources */,
			);
			runOnlyForDeploymentPostprocessing = 0;
		};
		BB71B02825539CA600CDC71D /* Sources */ = {
			isa = PBXSourcesBuildPhase;
			buildActionMask = 2147483647;
			files = (
				BB71B03125539CA700CDC71D /* techTogether2020Tests.swift in Sources */,
			);
			runOnlyForDeploymentPostprocessing = 0;
		};
		BB71B03325539CA700CDC71D /* Sources */ = {
			isa = PBXSourcesBuildPhase;
			buildActionMask = 2147483647;
			files = (
				BB71B03C25539CA700CDC71D /* techTogether2020UITests.swift in Sources */,
			);
			runOnlyForDeploymentPostprocessing = 0;
		};
/* End PBXSourcesBuildPhase section */

/* Begin PBXTargetDependency section */
		BB71B02E25539CA700CDC71D /* PBXTargetDependency */ = {
			isa = PBXTargetDependency;
			target = BB71B01225539CA500CDC71D /* techTogether2020 */;
			targetProxy = BB71B02D25539CA700CDC71D /* PBXContainerItemProxy */;
		};
		BB71B03925539CA700CDC71D /* PBXTargetDependency */ = {
			isa = PBXTargetDependency;
			target = BB71B01225539CA500CDC71D /* techTogether2020 */;
			targetProxy = BB71B03825539CA700CDC71D /* PBXContainerItemProxy */;
		};
/* End PBXTargetDependency section */

/* Begin PBXVariantGroup section */
		BB71B01C25539CA500CDC71D /* Main.storyboard */ = {
			isa = PBXVariantGroup;
			children = (
				BB71B01D25539CA500CDC71D /* Base */,
			);
			name = Main.storyboard;
			sourceTree = "<group>";
		};
		BB71B02425539CA600CDC71D /* LaunchScreen.storyboard */ = {
			isa = PBXVariantGroup;
			children = (
				BB71B02525539CA600CDC71D /* Base */,
			);
			name = LaunchScreen.storyboard;
			sourceTree = "<group>";
		};
/* End PBXVariantGroup section */

/* Begin XCBuildConfiguration section */
		BB71B03E25539CA700CDC71D /* Debug */ = {
			isa = XCBuildConfiguration;
			buildSettings = {
				ALWAYS_SEARCH_USER_PATHS = NO;
				CLANG_ANALYZER_NONNULL = YES;
				CLANG_ANALYZER_NUMBER_OBJECT_CONVERSION = YES_AGGRESSIVE;
				CLANG_CXX_LANGUAGE_STANDARD = "gnu++14";
				CLANG_CXX_LIBRARY = "libc++";
				CLANG_ENABLE_MODULES = YES;
				CLANG_ENABLE_OBJC_ARC = YES;
				CLANG_ENABLE_OBJC_WEAK = YES;
				CLANG_WARN_BLOCK_CAPTURE_AUTORELEASING = YES;
				CLANG_WARN_BOOL_CONVERSION = YES;
				CLANG_WARN_COMMA = YES;
				CLANG_WARN_CONSTANT_CONVERSION = YES;
				CLANG_WARN_DEPRECATED_OBJC_IMPLEMENTATIONS = YES;
				CLANG_WARN_DIRECT_OBJC_ISA_USAGE = YES_ERROR;
				CLANG_WARN_DOCUMENTATION_COMMENTS = YES;
				CLANG_WARN_EMPTY_BODY = YES;
				CLANG_WARN_ENUM_CONVERSION = YES;
				CLANG_WARN_INFINITE_RECURSION = YES;
				CLANG_WARN_INT_CONVERSION = YES;
				CLANG_WARN_NON_LITERAL_NULL_CONVERSION = YES;
				CLANG_WARN_OBJC_IMPLICIT_RETAIN_SELF = YES;
				CLANG_WARN_OBJC_LITERAL_CONVERSION = YES;
				CLANG_WARN_OBJC_ROOT_CLASS = YES_ERROR;
				CLANG_WARN_RANGE_LOOP_ANALYSIS = YES;
				CLANG_WARN_STRICT_PROTOTYPES = YES;
				CLANG_WARN_SUSPICIOUS_MOVE = YES;
				CLANG_WARN_UNGUARDED_AVAILABILITY = YES_AGGRESSIVE;
				CLANG_WARN_UNREACHABLE_CODE = YES;
				CLANG_WARN__DUPLICATE_METHOD_MATCH = YES;
				COPY_PHASE_STRIP = NO;
				DEBUG_INFORMATION_FORMAT = dwarf;
				ENABLE_STRICT_OBJC_MSGSEND = YES;
				ENABLE_TESTABILITY = YES;
				GCC_C_LANGUAGE_STANDARD = gnu11;
				GCC_DYNAMIC_NO_PIC = NO;
				GCC_NO_COMMON_BLOCKS = YES;
				GCC_OPTIMIZATION_LEVEL = 0;
				GCC_PREPROCESSOR_DEFINITIONS = (
					"DEBUG=1",
					"$(inherited)",
				);
				GCC_WARN_64_TO_32_BIT_CONVERSION = YES;
				GCC_WARN_ABOUT_RETURN_TYPE = YES_ERROR;
				GCC_WARN_UNDECLARED_SELECTOR = YES;
				GCC_WARN_UNINITIALIZED_AUTOS = YES_AGGRESSIVE;
				GCC_WARN_UNUSED_FUNCTION = YES;
				GCC_WARN_UNUSED_VARIABLE = YES;
				IPHONEOS_DEPLOYMENT_TARGET = 13.5;
				MTL_ENABLE_DEBUG_INFO = INCLUDE_SOURCE;
				MTL_FAST_MATH = YES;
				ONLY_ACTIVE_ARCH = YES;
				SDKROOT = iphoneos;
				SWIFT_ACTIVE_COMPILATION_CONDITIONS = DEBUG;
				SWIFT_OPTIMIZATION_LEVEL = "-Onone";
			};
			name = Debug;
		};
		BB71B03F25539CA700CDC71D /* Release */ = {
			isa = XCBuildConfiguration;
			buildSettings = {
				ALWAYS_SEARCH_USER_PATHS = NO;
				CLANG_ANALYZER_NONNULL = YES;
				CLANG_ANALYZER_NUMBER_OBJECT_CONVERSION = YES_AGGRESSIVE;
				CLANG_CXX_LANGUAGE_STANDARD = "gnu++14";
				CLANG_CXX_LIBRARY = "libc++";
				CLANG_ENABLE_MODULES = YES;
				CLANG_ENABLE_OBJC_ARC = YES;
				CLANG_ENABLE_OBJC_WEAK = YES;
				CLANG_WARN_BLOCK_CAPTURE_AUTORELEASING = YES;
				CLANG_WARN_BOOL_CONVERSION = YES;
				CLANG_WARN_COMMA = YES;
				CLANG_WARN_CONSTANT_CONVERSION = YES;
				CLANG_WARN_DEPRECATED_OBJC_IMPLEMENTATIONS = YES;
				CLANG_WARN_DIRECT_OBJC_ISA_USAGE = YES_ERROR;
				CLANG_WARN_DOCUMENTATION_COMMENTS = YES;
				CLANG_WARN_EMPTY_BODY = YES;
				CLANG_WARN_ENUM_CONVERSION = YES;
				CLANG_WARN_INFINITE_RECURSION = YES;
				CLANG_WARN_INT_CONVERSION = YES;
				CLANG_WARN_NON_LITERAL_NULL_CONVERSION = YES;
				CLANG_WARN_OBJC_IMPLICIT_RETAIN_SELF = YES;
				CLANG_WARN_OBJC_LITERAL_CONVERSION = YES;
				CLANG_WARN_OBJC_ROOT_CLASS = YES_ERROR;
				CLANG_WARN_RANGE_LOOP_ANALYSIS = YES;
				CLANG_WARN_STRICT_PROTOTYPES = YES;
				CLANG_WARN_SUSPICIOUS_MOVE = YES;
				CLANG_WARN_UNGUARDED_AVAILABILITY = YES_AGGRESSIVE;
				CLANG_WARN_UNREACHABLE_CODE = YES;
				CLANG_WARN__DUPLICATE_METHOD_MATCH = YES;
				COPY_PHASE_STRIP = NO;
				DEBUG_INFORMATION_FORMAT = "dwarf-with-dsym";
				ENABLE_NS_ASSERTIONS = NO;
				ENABLE_STRICT_OBJC_MSGSEND = YES;
				GCC_C_LANGUAGE_STANDARD = gnu11;
				GCC_NO_COMMON_BLOCKS = YES;
				GCC_WARN_64_TO_32_BIT_CONVERSION = YES;
				GCC_WARN_ABOUT_RETURN_TYPE = YES_ERROR;
				GCC_WARN_UNDECLARED_SELECTOR = YES;
				GCC_WARN_UNINITIALIZED_AUTOS = YES_AGGRESSIVE;
				GCC_WARN_UNUSED_FUNCTION = YES;
				GCC_WARN_UNUSED_VARIABLE = YES;
				IPHONEOS_DEPLOYMENT_TARGET = 13.5;
				MTL_ENABLE_DEBUG_INFO = NO;
				MTL_FAST_MATH = YES;
				SDKROOT = iphoneos;
				SWIFT_COMPILATION_MODE = wholemodule;
				SWIFT_OPTIMIZATION_LEVEL = "-O";
				VALIDATE_PRODUCT = YES;
			};
			name = Release;
		};
		BB71B04125539CA700CDC71D /* Debug */ = {
			isa = XCBuildConfiguration;
			buildSettings = {
				ASSETCATALOG_COMPILER_APPICON_NAME = AppIcon;
				CODE_SIGN_STYLE = Automatic;
				INFOPLIST_FILE = techTogether2020/Info.plist;
				LD_RUNPATH_SEARCH_PATHS = (
					"$(inherited)",
					"@executable_path/Frameworks",
				);
				PRODUCT_BUNDLE_IDENTIFIER = hackathon.techTogether2020;
				PRODUCT_NAME = "$(TARGET_NAME)";
				SWIFT_VERSION = 5.0;
				TARGETED_DEVICE_FAMILY = "1,2";
			};
			name = Debug;
		};
		BB71B04225539CA700CDC71D /* Release */ = {
			isa = XCBuildConfiguration;
			buildSettings = {
				ASSETCATALOG_COMPILER_APPICON_NAME = AppIcon;
				CODE_SIGN_STYLE = Automatic;
				INFOPLIST_FILE = techTogether2020/Info.plist;
				LD_RUNPATH_SEARCH_PATHS = (
					"$(inherited)",
					"@executable_path/Frameworks",
				);
				PRODUCT_BUNDLE_IDENTIFIER = hackathon.techTogether2020;
				PRODUCT_NAME = "$(TARGET_NAME)";
				SWIFT_VERSION = 5.0;
				TARGETED_DEVICE_FAMILY = "1,2";
			};
			name = Release;
		};
		BB71B04425539CA700CDC71D /* Debug */ = {
			isa = XCBuildConfiguration;
			buildSettings = {
				ALWAYS_EMBED_SWIFT_STANDARD_LIBRARIES = YES;
				BUNDLE_LOADER = "$(TEST_HOST)";
				CODE_SIGN_STYLE = Automatic;
				INFOPLIST_FILE = techTogether2020Tests/Info.plist;
				IPHONEOS_DEPLOYMENT_TARGET = 13.5;
				LD_RUNPATH_SEARCH_PATHS = (
					"$(inherited)",
					"@executable_path/Frameworks",
					"@loader_path/Frameworks",
				);
				PRODUCT_BUNDLE_IDENTIFIER = hackathon.techTogether2020Tests;
				PRODUCT_NAME = "$(TARGET_NAME)";
				SWIFT_VERSION = 5.0;
				TARGETED_DEVICE_FAMILY = "1,2";
				TEST_HOST = "$(BUILT_PRODUCTS_DIR)/techTogether2020.app/techTogether2020";
			};
			name = Debug;
		};
		BB71B04525539CA700CDC71D /* Release */ = {
			isa = XCBuildConfiguration;
			buildSettings = {
				ALWAYS_EMBED_SWIFT_STANDARD_LIBRARIES = YES;
				BUNDLE_LOADER = "$(TEST_HOST)";
				CODE_SIGN_STYLE = Automatic;
				INFOPLIST_FILE = techTogether2020Tests/Info.plist;
				IPHONEOS_DEPLOYMENT_TARGET = 13.5;
				LD_RUNPATH_SEARCH_PATHS = (
					"$(inherited)",
					"@executable_path/Frameworks",
					"@loader_path/Frameworks",
				);
				PRODUCT_BUNDLE_IDENTIFIER = hackathon.techTogether2020Tests;
				PRODUCT_NAME = "$(TARGET_NAME)";
				SWIFT_VERSION = 5.0;
				TARGETED_DEVICE_FAMILY = "1,2";
				TEST_HOST = "$(BUILT_PRODUCTS_DIR)/techTogether2020.app/techTogether2020";
			};
			name = Release;
		};
		BB71B04725539CA700CDC71D /* Debug */ = {
			isa = XCBuildConfiguration;
			buildSettings = {
				ALWAYS_EMBED_SWIFT_STANDARD_LIBRARIES = YES;
				CODE_SIGN_STYLE = Automatic;
				INFOPLIST_FILE = techTogether2020UITests/Info.plist;
				LD_RUNPATH_SEARCH_PATHS = (
					"$(inherited)",
					"@executable_path/Frameworks",
					"@loader_path/Frameworks",
				);
				PRODUCT_BUNDLE_IDENTIFIER = hackathon.techTogether2020UITests;
				PRODUCT_NAME = "$(TARGET_NAME)";
				SWIFT_VERSION = 5.0;
				TARGETED_DEVICE_FAMILY = "1,2";
				TEST_TARGET_NAME = techTogether2020;
			};
			name = Debug;
		};
		BB71B04825539CA700CDC71D /* Release */ = {
			isa = XCBuildConfiguration;
			buildSettings = {
				ALWAYS_EMBED_SWIFT_STANDARD_LIBRARIES = YES;
				CODE_SIGN_STYLE = Automatic;
				INFOPLIST_FILE = techTogether2020UITests/Info.plist;
				LD_RUNPATH_SEARCH_PATHS = (
					"$(inherited)",
					"@executable_path/Frameworks",
					"@loader_path/Frameworks",
				);
				PRODUCT_BUNDLE_IDENTIFIER = hackathon.techTogether2020UITests;
				PRODUCT_NAME = "$(TARGET_NAME)";
				SWIFT_VERSION = 5.0;
				TARGETED_DEVICE_FAMILY = "1,2";
				TEST_TARGET_NAME = techTogether2020;
			};
			name = Release;
		};
/* End XCBuildConfiguration section */

/* Begin XCConfigurationList section */
		BB71B00E25539CA500CDC71D /* Build configuration list for PBXProject "techTogether2020" */ = {
			isa = XCConfigurationList;
			buildConfigurations = (
				BB71B03E25539CA700CDC71D /* Debug */,
				BB71B03F25539CA700CDC71D /* Release */,
			);
			defaultConfigurationIsVisible = 0;
			defaultConfigurationName = Release;
		};
		BB71B04025539CA700CDC71D /* Build configuration list for PBXNativeTarget "techTogether2020" */ = {
			isa = XCConfigurationList;
			buildConfigurations = (
				BB71B04125539CA700CDC71D /* Debug */,
				BB71B04225539CA700CDC71D /* Release */,
			);
			defaultConfigurationIsVisible = 0;
			defaultConfigurationName = Release;
		};
		BB71B04325539CA700CDC71D /* Build configuration list for PBXNativeTarget "techTogether2020Tests" */ = {
			isa = XCConfigurationList;
			buildConfigurations = (
				BB71B04425539CA700CDC71D /* Debug */,
				BB71B04525539CA700CDC71D /* Release */,
			);
			defaultConfigurationIsVisible = 0;
			defaultConfigurationName = Release;
		};
		BB71B04625539CA700CDC71D /* Build configuration list for PBXNativeTarget "techTogether2020UITests" */ = {
			isa = XCConfigurationList;
			buildConfigurations = (
				BB71B04725539CA700CDC71D /* Debug */,
				BB71B04825539CA700CDC71D /* Release */,
			);
			defaultConfigurationIsVisible = 0;
			defaultConfigurationName = Release;
		};
/* End XCConfigurationList section */

/* Begin XCVersionGroup section */
		BB71B01F25539CA500CDC71D /* techTogether2020.xcdatamodeld */ = {
			isa = XCVersionGroup;
			children = (
				BB71B02025539CA500CDC71D /* techTogether2020.xcdatamodel */,
			);
			currentVersion = BB71B02025539CA500CDC71D /* techTogether2020.xcdatamodel */;
			path = techTogether2020.xcdatamodeld;
			sourceTree = "<group>";
			versionGroupType = wrapper.xcdatamodel;
		};
/* End XCVersionGroup section */
	};
	rootObject = BB71B00B25539CA500CDC71D /* Project object */;
}
